
Microsoft Visual Studio Solution File, Format Version 12.00
# Visual Studio Version 17
VisualStudioVersion = 17.13.35818.85 d17.13
MinimumVisualStudioVersion = 10.0.40219.1
Project("{FAE04EC0-301F-11D3-BF4B-00C04F79EFBC}") = "ProductClientHub_API", "ProductClientHub_API\ProductClientHub_API.csproj", "{E00B434E-D768-4126-ADD2-BDBA6AF75F30}"
EndProject
Project("{FAE04EC0-301F-11D3-BF4B-00C04F79EFBC}") = "ProductClientHub_Communication", "ProductClientHub_Communication\ProductClientHub_Communication.csproj", "{B650DE11-FFD4-47F0-A5C8-D3F2026881D8}"
EndProject
Project("{FAE04EC0-301F-11D3-BF4B-00C04F79EFBC}") = "ProductClientHub_Exceptions", "ProductClientHub_Exceptions\ProductClientHub_Exceptions.csproj", "{7C02041A-C312-4C55-ABE8-A9B11C8BA416}"
EndProject
Global
	GlobalSection(SolutionConfigurationPlatforms) = preSolution
		Debug|Any CPU = Debug|Any CPU
		Release|Any CPU = Release|Any CPU
	EndGlobalSection
	GlobalSection(ProjectConfigurationPlatforms) = postSolution
		{E00B434E-D768-4126-ADD2-BDBA6AF75F30}.Debug|Any CPU.ActiveCfg = Debug|Any CPU
		{E00B434E-D768-4126-ADD2-BDBA6AF75F30}.Debug|Any CPU.Build.0 = Debug|Any CPU
		{E00B434E-D768-4126-ADD2-BDBA6AF75F30}.Release|Any CPU.ActiveCfg = Release|Any CPU
		{E00B434E-D768-4126-ADD2-BDBA6AF75F30}.Release|Any CPU.Build.0 = Release|Any CPU
		{B650DE11-FFD4-47F0-A5C8-D3F2026881D8}.Debug|Any CPU.ActiveCfg = Debug|Any CPU
		{B650DE11-FFD4-47F0-A5C8-D3F2026881D8}.Debug|Any CPU.Build.0 = Debug|Any CPU
		{B650DE11-FFD4-47F0-A5C8-D3F2026881D8}.Release|Any CPU.ActiveCfg = Release|Any CPU
		{B650DE11-FFD4-47F0-A5C8-D3F2026881D8}.Release|Any CPU.Build.0 = Release|Any CPU
		{7C02041A-C312-4C55-ABE8-A9B11C8BA416}.Debug|Any CPU.ActiveCfg = Debug|Any CPU
		{7C02041A-C312-4C55-ABE8-A9B11C8BA416}.Debug|Any CPU.Build.0 = Debug|Any CPU
		{7C02041A-C312-4C55-ABE8-A9B11C8BA416}.Release|Any CPU.ActiveCfg = Release|Any CPU
		{7C02041A-C312-4C55-ABE8-A9B11C8BA416}.Release|Any CPU.Build.0 = Release|Any CPU
	EndGlobalSection
	GlobalSection(SolutionProperties) = preSolution
		HideSolutionNode = FALSE
	EndGlobalSection
	GlobalSection(ExtensibilityGlobals) = postSolution
		SolutionGuid = {7B34B741-9648-4E39-B97E-E84FB04B3DD8}
	EndGlobalSection
EndGlobal
